
Microsoft Visual Studio Solution File, Format Version 12.00
# Visual Studio Version 17
VisualStudioVersion = 17.0.32014.148
MinimumVisualStudioVersion = 10.0.40219.1
Project("{FAE04EC0-301F-11D3-BF4B-00C04F79EFBC}") = "Foxybot", "Foxybot.csproj", "{D5D671F9-F77D-4AC6-8B6E-A6994AB78857}"
EndProject
Global
	GlobalSection(SolutionConfigurationPlatforms) = preSolution
		Debug|Any CPU = Debug|Any CPU
		Release|Any CPU = Release|Any CPU
	EndGlobalSection
	GlobalSection(ProjectConfigurationPlatforms) = postSolution
		{D5D671F9-F77D-4AC6-8B6E-A6994AB78857}.Debug|Any CPU.ActiveCfg = Debug|Any CPU
		{D5D671F9-F77D-4AC6-8B6E-A6994AB78857}.Debug|Any CPU.Build.0 = Debug|Any CPU
		{D5D671F9-F77D-4AC6-8B6E-A6994AB78857}.Release|Any CPU.ActiveCfg = Release|Any CPU
		{D5D671F9-F77D-4AC6-8B6E-A6994AB78857}.Release|Any CPU.Build.0 = Release|Any CPU
	EndGlobalSection
	GlobalSection(SolutionProperties) = preSolution
		HideSolutionNode = FALSE
	EndGlobalSection
	GlobalSection(ExtensibilityGlobals) = postSolution
		SolutionGuid = {FBAC88EF-26DA-4A57-AE0D-7C34D53A02C0}
	EndGlobalSection
EndGlobal
